
Microsoft Visual Studio Solution File, Format Version 12.00
# Visual Studio Version 17
VisualStudioVersion = 17.5.33502.453
MinimumVisualStudioVersion = 10.0.40219.1
Project("{FAE04EC0-301F-11D3-BF4B-00C04F79EFBC}") = "PracticaDiscos", "PracticaDiscos\PracticaDiscos.csproj", "{BEB0D811-3151-43E4-AAF2-9C10650C7D44}"
EndProject
Project("{FAE04EC0-301F-11D3-BF4B-00C04F79EFBC}") = "Datos", "Datos\Datos.csproj", "{E1A76C1C-83EA-4095-A2ED-EB2F630A85D0}"
EndProject
Project("{FAE04EC0-301F-11D3-BF4B-00C04F79EFBC}") = "Entidades", "Entidades\Entidades.csproj", "{96E248F6-404E-4C06-A393-D815BCCAD29C}"
EndProject
Project("{FAE04EC0-301F-11D3-BF4B-00C04F79EFBC}") = "Negocio", "Negocio\Negocio.csproj", "{45539D07-E31B-42EE-80B6-E20F169411AE}"
EndProject
Global
	GlobalSection(SolutionConfigurationPlatforms) = preSolution
		Debug|Any CPU = Debug|Any CPU
		Release|Any CPU = Release|Any CPU
	EndGlobalSection
	GlobalSection(ProjectConfigurationPlatforms) = postSolution
		{BEB0D811-3151-43E4-AAF2-9C10650C7D44}.Debug|Any CPU.ActiveCfg = Debug|Any CPU
		{BEB0D811-3151-43E4-AAF2-9C10650C7D44}.Debug|Any CPU.Build.0 = Debug|Any CPU
		{BEB0D811-3151-43E4-AAF2-9C10650C7D44}.Release|Any CPU.ActiveCfg = Release|Any CPU
		{BEB0D811-3151-43E4-AAF2-9C10650C7D44}.Release|Any CPU.Build.0 = Release|Any CPU
		{E1A76C1C-83EA-4095-A2ED-EB2F630A85D0}.Debug|Any CPU.ActiveCfg = Debug|Any CPU
		{E1A76C1C-83EA-4095-A2ED-EB2F630A85D0}.Debug|Any CPU.Build.0 = Debug|Any CPU
		{E1A76C1C-83EA-4095-A2ED-EB2F630A85D0}.Release|Any CPU.ActiveCfg = Release|Any CPU
		{E1A76C1C-83EA-4095-A2ED-EB2F630A85D0}.Release|Any CPU.Build.0 = Release|Any CPU
		{96E248F6-404E-4C06-A393-D815BCCAD29C}.Debug|Any CPU.ActiveCfg = Debug|Any CPU
		{96E248F6-404E-4C06-A393-D815BCCAD29C}.Debug|Any CPU.Build.0 = Debug|Any CPU
		{96E248F6-404E-4C06-A393-D815BCCAD29C}.Release|Any CPU.ActiveCfg = Release|Any CPU
		{96E248F6-404E-4C06-A393-D815BCCAD29C}.Release|Any CPU.Build.0 = Release|Any CPU
		{45539D07-E31B-42EE-80B6-E20F169411AE}.Debug|Any CPU.ActiveCfg = Debug|Any CPU
		{45539D07-E31B-42EE-80B6-E20F169411AE}.Debug|Any CPU.Build.0 = Debug|Any CPU
		{45539D07-E31B-42EE-80B6-E20F169411AE}.Release|Any CPU.ActiveCfg = Release|Any CPU
		{45539D07-E31B-42EE-80B6-E20F169411AE}.Release|Any CPU.Build.0 = Release|Any CPU
	EndGlobalSection
	GlobalSection(SolutionProperties) = preSolution
		HideSolutionNode = FALSE
	EndGlobalSection
	GlobalSection(ExtensibilityGlobals) = postSolution
		SolutionGuid = {823C4B2C-88B1-4CC3-806C-8EDF6DFB50D3}
	EndGlobalSection
EndGlobal
